// !$*UTF8*$!
{
	archiveVersion = 1;
	classes = {
	};
	objectVersion = 55;
	objects = {

/* Begin PBXBuildFile section */
		C900D80D2890511B00C3B07B /* NavigationType.swift in Sources */ = {isa = PBXBuildFile; fileRef = C900D80C2890511B00C3B07B /* NavigationType.swift */; };
		C900D8102890514100C3B07B /* NavigationTypeBadge.swift in Sources */ = {isa = PBXBuildFile; fileRef = C900D80F2890514100C3B07B /* NavigationTypeBadge.swift */; };
		C900D8132890515400C3B07B /* NavigationTypeButton.swift in Sources */ = {isa = PBXBuildFile; fileRef = C900D8122890515400C3B07B /* NavigationTypeButton.swift */; };
		C900D8152890516000C3B07B /* NavigationPageView.swift in Sources */ = {isa = PBXBuildFile; fileRef = C900D8142890516000C3B07B /* NavigationPageView.swift */; };
		C900D8172890517100C3B07B /* SheetPresentationExample.swift in Sources */ = {isa = PBXBuildFile; fileRef = C900D8162890517100C3B07B /* SheetPresentationExample.swift */; };
		C900D8192890518000C3B07B /* FullscreenCoverExample.swift in Sources */ = {isa = PBXBuildFile; fileRef = C900D8182890518000C3B07B /* FullscreenCoverExample.swift */; };
		C900D81B2890518D00C3B07B /* AdaptiveSheetExample.swift in Sources */ = {isa = PBXBuildFile; fileRef = C900D81A2890518D00C3B07B /* AdaptiveSheetExample.swift */; };
		C900D81D2890519B00C3B07B /* PushExample.swift in Sources */ = {isa = PBXBuildFile; fileRef = C900D81C2890519B00C3B07B /* PushExample.swift */; };
		C900D81F289051A400C3B07B /* QuickCommentExample.swift in Sources */ = {isa = PBXBuildFile; fileRef = C900D81E289051A400C3B07B /* QuickCommentExample.swift */; };
		C900D821289051B000C3B07B /* ZoomExample.swift in Sources */ = {isa = PBXBuildFile; fileRef = C900D820289051B000C3B07B /* ZoomExample.swift */; };
		C900D8242890542600C3B07B /* SectionView.swift in Sources */ = {isa = PBXBuildFile; fileRef = C900D8232890542600C3B07B /* SectionView.swift */; };
		C900D8272890550600C3B07B /* GestureNavigationView.swift in Sources */ = {isa = PBXBuildFile; fileRef = C900D8262890550600C3B07B /* GestureNavigationView.swift */; };
		C900D8292890551B00C3B07B /* OverdragView.swift in Sources */ = {isa = PBXBuildFile; fileRef = C900D8282890551B00C3B07B /* OverdragView.swift */; };
		C900D82B2890554100C3B07B /* TapNavigationView.swift in Sources */ = {isa = PBXBuildFile; fileRef = C900D82A2890554100C3B07B /* TapNavigationView.swift */; };
		C965443D2875C4A3006DFB2E /* NavigationPOCApp.swift in Sources */ = {isa = PBXBuildFile; fileRef = C965443C2875C4A3006DFB2E /* NavigationPOCApp.swift */; };
		C965443F2875C4A3006DFB2E /* ContentView.swift in Sources */ = {isa = PBXBuildFile; fileRef = C965443E2875C4A3006DFB2E /* ContentView.swift */; };
		C96544412875C4A4006DFB2E /* Assets.xcassets in Resources */ = {isa = PBXBuildFile; fileRef = C96544402875C4A4006DFB2E /* Assets.xcassets */; };
		C96544442875C4A4006DFB2E /* Preview Assets.xcassets in Resources */ = {isa = PBXBuildFile; fileRef = C96544432875C4A4006DFB2E /* Preview Assets.xcassets */; };
		C965444B2875D524006DFB2E /* AdaptiveSheet.swift in Sources */ = {isa = PBXBuildFile; fileRef = C965444A2875D524006DFB2E /* AdaptiveSheet.swift */; };
		C9A2BD4228911D2700A6714A /* SlideAnimationTransition.swift in Sources */ = {isa = PBXBuildFile; fileRef = C9A2BD4128911D2700A6714A /* SlideAnimationTransition.swift */; };
		C9A2BD4428911D5200A6714A /* InteractiveNavigationGestureViewModifier.swift in Sources */ = {isa = PBXBuildFile; fileRef = C9A2BD4328911D5200A6714A /* InteractiveNavigationGestureViewModifier.swift */; };
		C9A2BD472891682100A6714A /* View+Helpers.swift in Sources */ = {isa = PBXBuildFile; fileRef = C9A2BD462891682100A6714A /* View+Helpers.swift */; };
		C9A55886288EC0690071B1CA /* Introspect in Frameworks */ = {isa = PBXBuildFile; productRef = C9A55885288EC0690071B1CA /* Introspect */; };
		C9AAE64C2890183C009FBF91 /* Present.swift in Sources */ = {isa = PBXBuildFile; fileRef = C9AAE64B2890183C009FBF91 /* Present.swift */; };
/* End PBXBuildFile section */

/* Begin PBXFileReference section */
		C900D80C2890511B00C3B07B /* NavigationType.swift */ = {isa = PBXFileReference; lastKnownFileType = sourcecode.swift; path = NavigationType.swift; sourceTree = "<group>"; };
		C900D80F2890514100C3B07B /* NavigationTypeBadge.swift */ = {isa = PBXFileReference; lastKnownFileType = sourcecode.swift; path = NavigationTypeBadge.swift; sourceTree = "<group>"; };
		C900D8122890515400C3B07B /* NavigationTypeButton.swift */ = {isa = PBXFileReference; lastKnownFileType = sourcecode.swift; path = NavigationTypeButton.swift; sourceTree = "<group>"; };
		C900D8142890516000C3B07B /* NavigationPageView.swift */ = {isa = PBXFileReference; lastKnownFileType = sourcecode.swift; path = NavigationPageView.swift; sourceTree = "<group>"; };
		C900D8162890517100C3B07B /* SheetPresentationExample.swift */ = {isa = PBXFileReference; lastKnownFileType = sourcecode.swift; path = SheetPresentationExample.swift; sourceTree = "<group>"; };
		C900D8182890518000C3B07B /* FullscreenCoverExample.swift */ = {isa = PBXFileReference; lastKnownFileType = sourcecode.swift; path = FullscreenCoverExample.swift; sourceTree = "<group>"; };
		C900D81A2890518D00C3B07B /* AdaptiveSheetExample.swift */ = {isa = PBXFileReference; lastKnownFileType = sourcecode.swift; path = AdaptiveSheetExample.swift; sourceTree = "<group>"; };
		C900D81C2890519B00C3B07B /* PushExample.swift */ = {isa = PBXFileReference; lastKnownFileType = sourcecode.swift; path = PushExample.swift; sourceTree = "<group>"; };
		C900D81E289051A400C3B07B /* QuickCommentExample.swift */ = {isa = PBXFileReference; lastKnownFileType = sourcecode.swift; path = QuickCommentExample.swift; sourceTree = "<group>"; };
		C900D820289051B000C3B07B /* ZoomExample.swift */ = {isa = PBXFileReference; lastKnownFileType = sourcecode.swift; path = ZoomExample.swift; sourceTree = "<group>"; };
		C900D8232890542600C3B07B /* SectionView.swift */ = {isa = PBXFileReference; lastKnownFileType = sourcecode.swift; path = SectionView.swift; sourceTree = "<group>"; };
		C900D8262890550600C3B07B /* GestureNavigationView.swift */ = {isa = PBXFileReference; lastKnownFileType = sourcecode.swift; path = GestureNavigationView.swift; sourceTree = "<group>"; };
		C900D8282890551B00C3B07B /* OverdragView.swift */ = {isa = PBXFileReference; lastKnownFileType = sourcecode.swift; path = OverdragView.swift; sourceTree = "<group>"; };
		C900D82A2890554100C3B07B /* TapNavigationView.swift */ = {isa = PBXFileReference; lastKnownFileType = sourcecode.swift; path = TapNavigationView.swift; sourceTree = "<group>"; };
		C96544392875C4A3006DFB2E /* NavigationPOC.app */ = {isa = PBXFileReference; explicitFileType = wrapper.application; includeInIndex = 0; path = NavigationPOC.app; sourceTree = BUILT_PRODUCTS_DIR; };
		C965443C2875C4A3006DFB2E /* NavigationPOCApp.swift */ = {isa = PBXFileReference; lastKnownFileType = sourcecode.swift; path = NavigationPOCApp.swift; sourceTree = "<group>"; };
		C965443E2875C4A3006DFB2E /* ContentView.swift */ = {isa = PBXFileReference; lastKnownFileType = sourcecode.swift; path = ContentView.swift; sourceTree = "<group>"; };
		C96544402875C4A4006DFB2E /* Assets.xcassets */ = {isa = PBXFileReference; lastKnownFileType = folder.assetcatalog; path = Assets.xcassets; sourceTree = "<group>"; };
		C96544432875C4A4006DFB2E /* Preview Assets.xcassets */ = {isa = PBXFileReference; lastKnownFileType = folder.assetcatalog; path = "Preview Assets.xcassets"; sourceTree = "<group>"; };
		C965444A2875D524006DFB2E /* AdaptiveSheet.swift */ = {isa = PBXFileReference; lastKnownFileType = sourcecode.swift; path = AdaptiveSheet.swift; sourceTree = "<group>"; };
		C9A2BD4128911D2700A6714A /* SlideAnimationTransition.swift */ = {isa = PBXFileReference; lastKnownFileType = sourcecode.swift; path = SlideAnimationTransition.swift; sourceTree = "<group>"; };
		C9A2BD4328911D5200A6714A /* InteractiveNavigationGestureViewModifier.swift */ = {isa = PBXFileReference; lastKnownFileType = sourcecode.swift; path = InteractiveNavigationGestureViewModifier.swift; sourceTree = "<group>"; };
		C9A2BD462891682100A6714A /* View+Helpers.swift */ = {isa = PBXFileReference; lastKnownFileType = sourcecode.swift; path = "View+Helpers.swift"; sourceTree = "<group>"; };
		C9AAE64B2890183C009FBF91 /* Present.swift */ = {isa = PBXFileReference; lastKnownFileType = sourcecode.swift; path = Present.swift; sourceTree = "<group>"; };
/* End PBXFileReference section */

/* Begin PBXFrameworksBuildPhase section */
		C96544362875C4A3006DFB2E /* Frameworks */ = {
			isa = PBXFrameworksBuildPhase;
			buildActionMask = 2147483647;
			files = (
				C9A55886288EC0690071B1CA /* Introspect in Frameworks */,
			);
			runOnlyForDeploymentPostprocessing = 0;
		};
/* End PBXFrameworksBuildPhase section */

/* Begin PBXGroup section */
		C900D80B2890510F00C3B07B /* Sources */ = {
			isa = PBXGroup;
			children = (
				C965444A2875D524006DFB2E /* AdaptiveSheet.swift */,
				C9AAE64B2890183C009FBF91 /* Present.swift */,
				C9A2BD4128911D2700A6714A /* SlideAnimationTransition.swift */,
				C9A2BD4328911D5200A6714A /* InteractiveNavigationGestureViewModifier.swift */,
				C9A2BD462891682100A6714A /* View+Helpers.swift */,
			);
			path = Sources;
			sourceTree = "<group>";
		};
		C900D80E2890513900C3B07B /* Examples */ = {
			isa = PBXGroup;
			children = (
				C900D82C2890559B00C3B07B /* Models */,
				C900D8222890540C00C3B07B /* Layout */,
				C900D8112890514900C3B07B /* Components */,
				C900D825289054D100C3B07B /* Navigation */,
			);
			path = Examples;
			sourceTree = "<group>";
		};
		C900D8112890514900C3B07B /* Components */ = {
			isa = PBXGroup;
			children = (
				C900D80F2890514100C3B07B /* NavigationTypeBadge.swift */,
				C900D8122890515400C3B07B /* NavigationTypeButton.swift */,
				C900D8142890516000C3B07B /* NavigationPageView.swift */,
			);
			path = Components;
			sourceTree = "<group>";
		};
		C900D8222890540C00C3B07B /* Layout */ = {
			isa = PBXGroup;
			children = (
				C900D8232890542600C3B07B /* SectionView.swift */,
				C900D8262890550600C3B07B /* GestureNavigationView.swift */,
				C900D8282890551B00C3B07B /* OverdragView.swift */,
				C900D82A2890554100C3B07B /* TapNavigationView.swift */,
			);
			path = Layout;
			sourceTree = "<group>";
		};
		C900D825289054D100C3B07B /* Navigation */ = {
			isa = PBXGroup;
			children = (
				C900D8162890517100C3B07B /* SheetPresentationExample.swift */,
				C900D8182890518000C3B07B /* FullscreenCoverExample.swift */,
				C900D81A2890518D00C3B07B /* AdaptiveSheetExample.swift */,
				C900D81C2890519B00C3B07B /* PushExample.swift */,
				C900D81E289051A400C3B07B /* QuickCommentExample.swift */,
				C900D820289051B000C3B07B /* ZoomExample.swift */,
			);
			path = Navigation;
			sourceTree = "<group>";
		};
		C900D82C2890559B00C3B07B /* Models */ = {
			isa = PBXGroup;
			children = (
				C900D80C2890511B00C3B07B /* NavigationType.swift */,
			);
			path = Models;
			sourceTree = "<group>";
		};
		C96544302875C4A3006DFB2E = {
			isa = PBXGroup;
			children = (
				C965443B2875C4A3006DFB2E /* NavigationPOC */,
				C965443A2875C4A3006DFB2E /* Products */,
			);
			sourceTree = "<group>";
		};
		C965443A2875C4A3006DFB2E /* Products */ = {
			isa = PBXGroup;
			children = (
				C96544392875C4A3006DFB2E /* NavigationPOC.app */,
			);
			name = Products;
			sourceTree = "<group>";
		};
		C965443B2875C4A3006DFB2E /* NavigationPOC */ = {
			isa = PBXGroup;
			children = (
				C965443C2875C4A3006DFB2E /* NavigationPOCApp.swift */,
				C965443E2875C4A3006DFB2E /* ContentView.swift */,
				C900D80E2890513900C3B07B /* Examples */,
				C900D80B2890510F00C3B07B /* Sources */,
				C96544402875C4A4006DFB2E /* Assets.xcassets */,
				C96544422875C4A4006DFB2E /* Preview Content */,
			);
			path = NavigationPOC;
			sourceTree = "<group>";
		};
		C96544422875C4A4006DFB2E /* Preview Content */ = {
			isa = PBXGroup;
			children = (
				C96544432875C4A4006DFB2E /* Preview Assets.xcassets */,
			);
			path = "Preview Content";
			sourceTree = "<group>";
		};
/* End PBXGroup section */

/* Begin PBXNativeTarget section */
		C96544382875C4A3006DFB2E /* NavigationPOC */ = {
			isa = PBXNativeTarget;
			buildConfigurationList = C96544472875C4A4006DFB2E /* Build configuration list for PBXNativeTarget "NavigationPOC" */;
			buildPhases = (
				C96544352875C4A3006DFB2E /* Sources */,
				C96544362875C4A3006DFB2E /* Frameworks */,
				C96544372875C4A3006DFB2E /* Resources */,
			);
			buildRules = (
			);
			dependencies = (
			);
			name = NavigationPOC;
			packageProductDependencies = (
				C9A55885288EC0690071B1CA /* Introspect */,
			);
			productName = NavigationPOC;
			productReference = C96544392875C4A3006DFB2E /* NavigationPOC.app */;
			productType = "com.apple.product-type.application";
		};
/* End PBXNativeTarget section */

/* Begin PBXProject section */
		C96544312875C4A3006DFB2E /* Project object */ = {
			isa = PBXProject;
			attributes = {
				BuildIndependentTargetsInParallel = 1;
				LastSwiftUpdateCheck = 1340;
				LastUpgradeCheck = 1340;
				TargetAttributes = {
					C96544382875C4A3006DFB2E = {
						CreatedOnToolsVersion = 13.4.1;
					};
				};
			};
			buildConfigurationList = C96544342875C4A3006DFB2E /* Build configuration list for PBXProject "NavigationPOC" */;
			compatibilityVersion = "Xcode 13.0";
			developmentRegion = en;
			hasScannedForEncodings = 0;
			knownRegions = (
				en,
				Base,
			);
			mainGroup = C96544302875C4A3006DFB2E;
			packageReferences = (
				C9A55884288EC0690071B1CA /* XCRemoteSwiftPackageReference "SwiftUI-Introspect" */,
			);
			productRefGroup = C965443A2875C4A3006DFB2E /* Products */;
			projectDirPath = "";
			projectRoot = "";
			targets = (
				C96544382875C4A3006DFB2E /* NavigationPOC */,
			);
		};
/* End PBXProject section */

/* Begin PBXResourcesBuildPhase section */
		C96544372875C4A3006DFB2E /* Resources */ = {
			isa = PBXResourcesBuildPhase;
			buildActionMask = 2147483647;
			files = (
				C96544442875C4A4006DFB2E /* Preview Assets.xcassets in Resources */,
				C96544412875C4A4006DFB2E /* Assets.xcassets in Resources */,
			);
			runOnlyForDeploymentPostprocessing = 0;
		};
/* End PBXResourcesBuildPhase section */

/* Begin PBXSourcesBuildPhase section */
		C96544352875C4A3006DFB2E /* Sources */ = {
			isa = PBXSourcesBuildPhase;
			buildActionMask = 2147483647;
			files = (
				C900D8242890542600C3B07B /* SectionView.swift in Sources */,
				C900D81F289051A400C3B07B /* QuickCommentExample.swift in Sources */,
				C900D82B2890554100C3B07B /* TapNavigationView.swift in Sources */,
				C900D8292890551B00C3B07B /* OverdragView.swift in Sources */,
				C965443F2875C4A3006DFB2E /* ContentView.swift in Sources */,
				C9A2BD4428911D5200A6714A /* InteractiveNavigationGestureViewModifier.swift in Sources */,
				C900D8272890550600C3B07B /* GestureNavigationView.swift in Sources */,
				C900D8132890515400C3B07B /* NavigationTypeButton.swift in Sources */,
				C900D81D2890519B00C3B07B /* PushExample.swift in Sources */,
				C900D81B2890518D00C3B07B /* AdaptiveSheetExample.swift in Sources */,
				C900D8172890517100C3B07B /* SheetPresentationExample.swift in Sources */,
				C900D8152890516000C3B07B /* NavigationPageView.swift in Sources */,
				C900D8192890518000C3B07B /* FullscreenCoverExample.swift in Sources */,
				C9A2BD472891682100A6714A /* View+Helpers.swift in Sources */,
				C900D821289051B000C3B07B /* ZoomExample.swift in Sources */,
				C9AAE64C2890183C009FBF91 /* Present.swift in Sources */,
				C900D8102890514100C3B07B /* NavigationTypeBadge.swift in Sources */,
				C965443D2875C4A3006DFB2E /* NavigationPOCApp.swift in Sources */,
				C900D80D2890511B00C3B07B /* NavigationType.swift in Sources */,
				C9A2BD4228911D2700A6714A /* SlideAnimationTransition.swift in Sources */,
				C965444B2875D524006DFB2E /* AdaptiveSheet.swift in Sources */,
			);
			runOnlyForDeploymentPostprocessing = 0;
		};
/* End PBXSourcesBuildPhase section */

/* Begin XCBuildConfiguration section */
		C96544452875C4A4006DFB2E /* Debug */ = {
			isa = XCBuildConfiguration;
			buildSettings = {
				ALWAYS_SEARCH_USER_PATHS = NO;
				CLANG_ANALYZER_NONNULL = YES;
				CLANG_ANALYZER_NUMBER_OBJECT_CONVERSION = YES_AGGRESSIVE;
				CLANG_CXX_LANGUAGE_STANDARD = "gnu++17";
				CLANG_ENABLE_MODULES = YES;
				CLANG_ENABLE_OBJC_ARC = YES;
				CLANG_ENABLE_OBJC_WEAK = YES;
				CLANG_WARN_BLOCK_CAPTURE_AUTORELEASING = YES;
				CLANG_WARN_BOOL_CONVERSION = YES;
				CLANG_WARN_COMMA = YES;
				CLANG_WARN_CONSTANT_CONVERSION = YES;
				CLANG_WARN_DEPRECATED_OBJC_IMPLEMENTATIONS = YES;
				CLANG_WARN_DIRECT_OBJC_ISA_USAGE = YES_ERROR;
				CLANG_WARN_DOCUMENTATION_COMMENTS = YES;
				CLANG_WARN_EMPTY_BODY = YES;
				CLANG_WARN_ENUM_CONVERSION = YES;
				CLANG_WARN_INFINITE_RECURSION = YES;
				CLANG_WARN_INT_CONVERSION = YES;
				CLANG_WARN_NON_LITERAL_NULL_CONVERSION = YES;
				CLANG_WARN_OBJC_IMPLICIT_RETAIN_SELF = YES;
				CLANG_WARN_OBJC_LITERAL_CONVERSION = YES;
				CLANG_WARN_OBJC_ROOT_CLASS = YES_ERROR;
				CLANG_WARN_QUOTED_INCLUDE_IN_FRAMEWORK_HEADER = YES;
				CLANG_WARN_RANGE_LOOP_ANALYSIS = YES;
				CLANG_WARN_STRICT_PROTOTYPES = YES;
				CLANG_WARN_SUSPICIOUS_MOVE = YES;
				CLANG_WARN_UNGUARDED_AVAILABILITY = YES_AGGRESSIVE;
				CLANG_WARN_UNREACHABLE_CODE = YES;
				CLANG_WARN__DUPLICATE_METHOD_MATCH = YES;
				COPY_PHASE_STRIP = NO;
				DEBUG_INFORMATION_FORMAT = dwarf;
				ENABLE_STRICT_OBJC_MSGSEND = YES;
				ENABLE_TESTABILITY = YES;
				GCC_C_LANGUAGE_STANDARD = gnu11;
				GCC_DYNAMIC_NO_PIC = NO;
				GCC_NO_COMMON_BLOCKS = YES;
				GCC_OPTIMIZATION_LEVEL = 0;
				GCC_PREPROCESSOR_DEFINITIONS = (
					"DEBUG=1",
					"$(inherited)",
				);
				GCC_WARN_64_TO_32_BIT_CONVERSION = YES;
				GCC_WARN_ABOUT_RETURN_TYPE = YES_ERROR;
				GCC_WARN_UNDECLARED_SELECTOR = YES;
				GCC_WARN_UNINITIALIZED_AUTOS = YES_AGGRESSIVE;
				GCC_WARN_UNUSED_FUNCTION = YES;
				GCC_WARN_UNUSED_VARIABLE = YES;
				IPHONEOS_DEPLOYMENT_TARGET = 15.5;
				MTL_ENABLE_DEBUG_INFO = INCLUDE_SOURCE;
				MTL_FAST_MATH = YES;
				ONLY_ACTIVE_ARCH = YES;
				SDKROOT = iphoneos;
				SWIFT_ACTIVE_COMPILATION_CONDITIONS = DEBUG;
				SWIFT_OPTIMIZATION_LEVEL = "-Onone";
			};
			name = Debug;
		};
		C96544462875C4A4006DFB2E /* Release */ = {
			isa = XCBuildConfiguration;
			buildSettings = {
				ALWAYS_SEARCH_USER_PATHS = NO;
				CLANG_ANALYZER_NONNULL = YES;
				CLANG_ANALYZER_NUMBER_OBJECT_CONVERSION = YES_AGGRESSIVE;
				CLANG_CXX_LANGUAGE_STANDARD = "gnu++17";
				CLANG_ENABLE_MODULES = YES;
				CLANG_ENABLE_OBJC_ARC = YES;
				CLANG_ENABLE_OBJC_WEAK = YES;
				CLANG_WARN_BLOCK_CAPTURE_AUTORELEASING = YES;
				CLANG_WARN_BOOL_CONVERSION = YES;
				CLANG_WARN_COMMA = YES;
				CLANG_WARN_CONSTANT_CONVERSION = YES;
				CLANG_WARN_DEPRECATED_OBJC_IMPLEMENTATIONS = YES;
				CLANG_WARN_DIRECT_OBJC_ISA_USAGE = YES_ERROR;
				CLANG_WARN_DOCUMENTATION_COMMENTS = YES;
				CLANG_WARN_EMPTY_BODY = YES;
				CLANG_WARN_ENUM_CONVERSION = YES;
				CLANG_WARN_INFINITE_RECURSION = YES;
				CLANG_WARN_INT_CONVERSION = YES;
				CLANG_WARN_NON_LITERAL_NULL_CONVERSION = YES;
				CLANG_WARN_OBJC_IMPLICIT_RETAIN_SELF = YES;
				CLANG_WARN_OBJC_LITERAL_CONVERSION = YES;
				CLANG_WARN_OBJC_ROOT_CLASS = YES_ERROR;
				CLANG_WARN_QUOTED_INCLUDE_IN_FRAMEWORK_HEADER = YES;
				CLANG_WARN_RANGE_LOOP_ANALYSIS = YES;
				CLANG_WARN_STRICT_PROTOTYPES = YES;
				CLANG_WARN_SUSPICIOUS_MOVE = YES;
				CLANG_WARN_UNGUARDED_AVAILABILITY = YES_AGGRESSIVE;
				CLANG_WARN_UNREACHABLE_CODE = YES;
				CLANG_WARN__DUPLICATE_METHOD_MATCH = YES;
				COPY_PHASE_STRIP = NO;
				DEBUG_INFORMATION_FORMAT = "dwarf-with-dsym";
				ENABLE_NS_ASSERTIONS = NO;
				ENABLE_STRICT_OBJC_MSGSEND = YES;
				GCC_C_LANGUAGE_STANDARD = gnu11;
				GCC_NO_COMMON_BLOCKS = YES;
				GCC_WARN_64_TO_32_BIT_CONVERSION = YES;
				GCC_WARN_ABOUT_RETURN_TYPE = YES_ERROR;
				GCC_WARN_UNDECLARED_SELECTOR = YES;
				GCC_WARN_UNINITIALIZED_AUTOS = YES_AGGRESSIVE;
				GCC_WARN_UNUSED_FUNCTION = YES;
				GCC_WARN_UNUSED_VARIABLE = YES;
				IPHONEOS_DEPLOYMENT_TARGET = 15.5;
				MTL_ENABLE_DEBUG_INFO = NO;
				MTL_FAST_MATH = YES;
				SDKROOT = iphoneos;
				SWIFT_COMPILATION_MODE = wholemodule;
				SWIFT_OPTIMIZATION_LEVEL = "-O";
				VALIDATE_PRODUCT = YES;
			};
			name = Release;
		};
		C96544482875C4A4006DFB2E /* Debug */ = {
			isa = XCBuildConfiguration;
			buildSettings = {
				ASSETCATALOG_COMPILER_APPICON_NAME = AppIcon;
				ASSETCATALOG_COMPILER_GLOBAL_ACCENT_COLOR_NAME = AccentColor;
				CODE_SIGN_STYLE = Automatic;
				CURRENT_PROJECT_VERSION = 1;
				DEVELOPMENT_ASSET_PATHS = "\"NavigationPOC/Preview Content\"";
				DEVELOPMENT_TEAM = 2ZNZ7JR46X;
				ENABLE_PREVIEWS = YES;
				GENERATE_INFOPLIST_FILE = YES;
				INFOPLIST_KEY_UIApplicationSceneManifest_Generation = YES;
				INFOPLIST_KEY_UIApplicationSupportsIndirectInputEvents = YES;
				INFOPLIST_KEY_UILaunchScreen_Generation = YES;
				INFOPLIST_KEY_UISupportedInterfaceOrientations_iPad = "UIInterfaceOrientationPortrait UIInterfaceOrientationPortraitUpsideDown UIInterfaceOrientationLandscapeLeft UIInterfaceOrientationLandscapeRight";
				INFOPLIST_KEY_UISupportedInterfaceOrientations_iPhone = "UIInterfaceOrientationPortrait UIInterfaceOrientationLandscapeLeft UIInterfaceOrientationLandscapeRight";
				LD_RUNPATH_SEARCH_PATHS = (
					"$(inherited)",
					"@executable_path/Frameworks",
				);
				MARKETING_VERSION = 1.0;
				PRODUCT_BUNDLE_IDENTIFIER = com.dinoconstantinou.NavigationPOC;
				PRODUCT_NAME = "$(TARGET_NAME)";
				SWIFT_EMIT_LOC_STRINGS = YES;
				SWIFT_VERSION = 5.0;
				TARGETED_DEVICE_FAMILY = "1,2";
			};
			name = Debug;
		};
		C96544492875C4A4006DFB2E /* Release */ = {
			isa = XCBuildConfiguration;
			buildSettings = {
				ASSETCATALOG_COMPILER_APPICON_NAME = AppIcon;
				ASSETCATALOG_COMPILER_GLOBAL_ACCENT_COLOR_NAME = AccentColor;
				CODE_SIGN_STYLE = Automatic;
				CURRENT_PROJECT_VERSION = 1;
				DEVELOPMENT_ASSET_PATHS = "\"NavigationPOC/Preview Content\"";
				DEVELOPMENT_TEAM = 2ZNZ7JR46X;
				ENABLE_PREVIEWS = YES;
				GENERATE_INFOPLIST_FILE = YES;
				INFOPLIST_KEY_UIApplicationSceneManifest_Generation = YES;
				INFOPLIST_KEY_UIApplicationSupportsIndirectInputEvents = YES;
				INFOPLIST_KEY_UILaunchScreen_Generation = YES;
				INFOPLIST_KEY_UISupportedInterfaceOrientations_iPad = "UIInterfaceOrientationPortrait UIInterfaceOrientationPortraitUpsideDown UIInterfaceOrientationLandscapeLeft UIInterfaceOrientationLandscapeRight";
				INFOPLIST_KEY_UISupportedInterfaceOrientations_iPhone = "UIInterfaceOrientationPortrait UIInterfaceOrientationLandscapeLeft UIInterfaceOrientationLandscapeRight";
				LD_RUNPATH_SEARCH_PATHS = (
					"$(inherited)",
					"@executable_path/Frameworks",
				);
				MARKETING_VERSION = 1.0;
				PRODUCT_BUNDLE_IDENTIFIER = com.dinoconstantinou.NavigationPOC;
				PRODUCT_NAME = "$(TARGET_NAME)";
				SWIFT_EMIT_LOC_STRINGS = YES;
				SWIFT_VERSION = 5.0;
				TARGETED_DEVICE_FAMILY = "1,2";
			};
			name = Release;
		};
/* End XCBuildConfiguration section */

/* Begin XCConfigurationList section */
		C96544342875C4A3006DFB2E /* Build configuration list for PBXProject "NavigationPOC" */ = {
			isa = XCConfigurationList;
			buildConfigurations = (
				C96544452875C4A4006DFB2E /* Debug */,
				C96544462875C4A4006DFB2E /* Release */,
			);
			defaultConfigurationIsVisible = 0;
			defaultConfigurationName = Release;
		};
		C96544472875C4A4006DFB2E /* Build configuration list for PBXNativeTarget "NavigationPOC" */ = {
			isa = XCConfigurationList;
			buildConfigurations = (
				C96544482875C4A4006DFB2E /* Debug */,
				C96544492875C4A4006DFB2E /* Release */,
			);
			defaultConfigurationIsVisible = 0;
			defaultConfigurationName = Release;
		};
/* End XCConfigurationList section */

/* Begin XCRemoteSwiftPackageReference section */
		C9A55884288EC0690071B1CA /* XCRemoteSwiftPackageReference "SwiftUI-Introspect" */ = {
			isa = XCRemoteSwiftPackageReference;
			repositoryURL = "https://github.com/siteline/SwiftUI-Introspect";
			requirement = {
				branch = master;
				kind = branch;
			};
		};
/* End XCRemoteSwiftPackageReference section */

/* Begin XCSwiftPackageProductDependency section */
		C9A55885288EC0690071B1CA /* Introspect */ = {
			isa = XCSwiftPackageProductDependency;
			package = C9A55884288EC0690071B1CA /* XCRemoteSwiftPackageReference "SwiftUI-Introspect" */;
			productName = Introspect;
		};
/* End XCSwiftPackageProductDependency section */
	};
	rootObject = C96544312875C4A3006DFB2E /* Project object */;
}
